{
  "name": "Goanna",
  "version": "1.0.0",
  "lockfileVersion": 1,
  "requires": true,
  "dependencies": {
    "moment": {
      "version": "2.22.1",
      "resolved": "http://artifactory.rwwa.com.au:8081/artifactory/api/npm/NPM/moment/-/moment-2.22.1.tgz",
      "integrity": "sha1-Upoum/lz8lnJZD0jf9qE3jom6K0="
    }
  }
}
